{
  "version": 4,
  "terraform_version": "0.13.5",
  "serial": 175,
  "lineage": "d807f297-a11c-4561-6719-d644f92a7558",
  "outputs": {},
  "resources": [
    {
      "mode": "data",
      "type": "template_file",
      "name": "guac-init",
      "provider": "provider[\"registry.terraform.io/hashicorp/template\"]",
      "instances": [
        {
          "schema_version": 0,
          "attributes": {
            "filename": null,
            "id": "2c0878ab15d4cd4bfa0e728b440370177fb75f19302b4b5d256f1eb22d164a1b",
            "rendered": "#! /bin/bash\nsudo -i\napt-get update\napt-get upgrade -y\napt-get -y install xfce4\napt-get -y install xrdp\nsystemctl enable xrdp\napt install freerdp2-dev -y\napt-get install python3.6 -y\napt install jq -y\napt-get install python3-lxml -y\n\necho xfce4-session \u003e~/.xsession\nsudo service xrdp restart\napt-get install gcc-6 g++-6 libossp-uuid-dev libavcodec-dev libpango1.0-dev libssh2-1-dev libcairo2-dev libjpeg-turbo8-dev libpng-dev libavutil-dev libswscale-dev libfreerdp-dev libvncserver-dev libssl-dev libvorbis-dev libwebp-dev -y\napt-get install tomcat8 tomcat8-admin tomcat8-common tomcat8-user -y\nwget http://apachemirror.wuchna.com/guacamole/1.1.0/source/guacamole-server-1.1.0.tar.gz\ntar -xvzf guacamole-server-1.1.0.tar.gz\ncd guacamole-server-1.1.0\n./configure --with-init-dir=/etc/init.d\nmake\nmake install\nldconfig\nsystemctl enable guacd\nsystemctl start guacd\nwget https://mirrors.estointernet.in/apache/guacamole/1.1.0/binary/guacamole-1.1.0.war\nmkdir /etc/guacamole\nmv guacamole-1.1.0.war /etc/guacamole/guacamole.war\nln -s /etc/guacamole/guacamole.war /var/lib/tomcat8/webapps/\nsystemctl restart tomcat8\nsystemctl restart guacd\ncd ..\ngit clone https://github.com/sean-custer/Arsiem-Guac-files.git\nmv /Arsiem-Guac-files/guacamole.properties /etc/guacamole/\nmkdir /etc/guacamole/{extensions,lib}\necho \"GUACAMOLE_HOME=/etc/guacamole\" \u003e\u003e /etc/default/tomcat8\ncd Arsiem-Guac-files/\nsudo python3 createxml.py\nmv user-mapping.xml /etc/guacamole/\n#wait... 10 min\nsystemctl restart tomcat8\nsystemctl restart guacd\n#Chrome installation for testing\n#wget https://dl.google.com/linux/direct/google-chrome-stable_current_amd64.deb\n#sudo apt install ./google-chrome-stable_current_amd64.deb -y",
            "template": "#! /bin/bash\nsudo -i\napt-get update\napt-get upgrade -y\napt-get -y install xfce4\napt-get -y install xrdp\nsystemctl enable xrdp\napt install freerdp2-dev -y\napt-get install python3.6 -y\napt install jq -y\napt-get install python3-lxml -y\n\necho xfce4-session \u003e~/.xsession\nsudo service xrdp restart\napt-get install gcc-6 g++-6 libossp-uuid-dev libavcodec-dev libpango1.0-dev libssh2-1-dev libcairo2-dev libjpeg-turbo8-dev libpng-dev libavutil-dev libswscale-dev libfreerdp-dev libvncserver-dev libssl-dev libvorbis-dev libwebp-dev -y\napt-get install tomcat8 tomcat8-admin tomcat8-common tomcat8-user -y\nwget http://apachemirror.wuchna.com/guacamole/1.1.0/source/guacamole-server-1.1.0.tar.gz\ntar -xvzf guacamole-server-1.1.0.tar.gz\ncd guacamole-server-1.1.0\n./configure --with-init-dir=/etc/init.d\nmake\nmake install\nldconfig\nsystemctl enable guacd\nsystemctl start guacd\nwget https://mirrors.estointernet.in/apache/guacamole/1.1.0/binary/guacamole-1.1.0.war\nmkdir /etc/guacamole\nmv guacamole-1.1.0.war /etc/guacamole/guacamole.war\nln -s /etc/guacamole/guacamole.war /var/lib/tomcat8/webapps/\nsystemctl restart tomcat8\nsystemctl restart guacd\ncd ..\ngit clone https://github.com/sean-custer/Arsiem-Guac-files.git\nmv /Arsiem-Guac-files/guacamole.properties /etc/guacamole/\nmkdir /etc/guacamole/{extensions,lib}\necho \"GUACAMOLE_HOME=/etc/guacamole\" \u003e\u003e /etc/default/tomcat8\ncd Arsiem-Guac-files/\nsudo python3 createxml.py\nmv user-mapping.xml /etc/guacamole/\n#wait... 10 min\nsystemctl restart tomcat8\nsystemctl restart guacd\n#Chrome installation for testing\n#wget https://dl.google.com/linux/direct/google-chrome-stable_current_amd64.deb\n#sudo apt install ./google-chrome-stable_current_amd64.deb -y",
            "vars": null
          }
        }
      ]
    },
    {
      "mode": "data",
      "type": "template_file",
      "name": "linux-vm-cloud-init",
      "provider": "provider[\"registry.terraform.io/hashicorp/template\"]",
      "instances": [
        {
          "schema_version": 0,
          "attributes": {
            "filename": null,
            "id": "8f5f7da1fad2579164cc8076a775f9a45b43efa31c790ba77481abc29482060c",
            "rendered": "#! /bin/bash\nsudo -i\napt-get update\napt-get upgrade -y\napt-get -y install xfce4\napt-get -y install xrdp\nsystemctl enable xrdp\napt install freerdp2-dev -y\necho xfce4-session \u003e~/.xsession\nservice xrdp restart\n#Only data on the Windows \u0026 Ubuntu machine is Wireshark\necho \"wireshark-common wireshark-common/install-setuid boolean true\" | sudo debconf-set-selections\nDEBIAN_FRONTEND=noninteractive apt-get -y install wireshark \u003e /dev/null\n",
            "template": "#! /bin/bash\nsudo -i\napt-get update\napt-get upgrade -y\napt-get -y install xfce4\napt-get -y install xrdp\nsystemctl enable xrdp\napt install freerdp2-dev -y\necho xfce4-session \u003e~/.xsession\nservice xrdp restart\n#Only data on the Windows \u0026 Ubuntu machine is Wireshark\necho \"wireshark-common wireshark-common/install-setuid boolean true\" | sudo debconf-set-selections\nDEBIAN_FRONTEND=noninteractive apt-get -y install wireshark \u003e /dev/null\n",
            "vars": null
          }
        }
      ]
    },
    {
      "mode": "managed",
      "type": "azurerm_managed_disk",
      "name": "disk",
      "provider": "provider[\"registry.terraform.io/hashicorp/azurerm\"]",
      "instances": [
        {
          "schema_version": 0,
          "attributes": {
            "create_option": "Empty",
            "disk_encryption_set_id": "",
            "disk_iops_read_write": 500,
            "disk_mbps_read_write": 60,
            "disk_size_gb": 1,
            "encryption_settings": [],
            "id": "/subscriptions/846362f6-b113-4020-b215-24389acb861b/resourceGroups/Packet-Analysis-Test/providers/Microsoft.Compute/disks/Packet-Analysis-Disk",
            "image_reference_id": "",
            "location": "eastus",
            "name": "Packet-Analysis-Disk",
            "os_type": "",
            "resource_group_name": "Packet-Analysis-Test",
            "source_resource_id": "",
            "source_uri": "",
            "storage_account_id": "",
            "storage_account_type": "Standard_LRS",
            "tags": {
              "environment": "Packet Analysis Lab"
            },
            "timeouts": null,
            "zones": null
          },
          "private": "eyJlMmJmYjczMC1lY2FhLTExZTYtOGY4OC0zNDM2M2JjN2M0YzAiOnsiY3JlYXRlIjoxODAwMDAwMDAwMDAwLCJkZWxldGUiOjE4MDAwMDAwMDAwMDAsInJlYWQiOjMwMDAwMDAwMDAwMCwidXBkYXRlIjoxODAwMDAwMDAwMDAwfX0=",
          "dependencies": [
            "azurerm_resource_group.rg"
          ]
        }
      ]
    },
    {
      "mode": "managed",
      "type": "azurerm_managed_disk",
      "name": "guac-disk",
      "provider": "provider[\"registry.terraform.io/hashicorp/azurerm\"]",
      "instances": [
        {
          "schema_version": 0,
          "attributes": {
            "create_option": "Empty",
            "disk_encryption_set_id": "",
            "disk_iops_read_write": 500,
            "disk_mbps_read_write": 60,
            "disk_size_gb": 1,
            "encryption_settings": [],
            "id": "/subscriptions/846362f6-b113-4020-b215-24389acb861b/resourceGroups/Packet-Analysis-Test/providers/Microsoft.Compute/disks/Packet-Analysis-Guac-Disk",
            "image_reference_id": "",
            "location": "eastus",
            "name": "Packet-Analysis-Guac-Disk",
            "os_type": "",
            "resource_group_name": "Packet-Analysis-Test",
            "source_resource_id": "",
            "source_uri": "",
            "storage_account_id": "",
            "storage_account_type": "Standard_LRS",
            "tags": {
              "environment": "Packet Analysis Lab"
            },
            "timeouts": null,
            "zones": null
          },
          "private": "eyJlMmJmYjczMC1lY2FhLTExZTYtOGY4OC0zNDM2M2JjN2M0YzAiOnsiY3JlYXRlIjoxODAwMDAwMDAwMDAwLCJkZWxldGUiOjE4MDAwMDAwMDAwMDAsInJlYWQiOjMwMDAwMDAwMDAwMCwidXBkYXRlIjoxODAwMDAwMDAwMDAwfX0=",
          "dependencies": [
            "azurerm_resource_group.rg"
          ]
        }
      ]
    },
    {
      "mode": "managed",
      "type": "azurerm_network_interface",
      "name": "guac-instance",
      "provider": "provider[\"registry.terraform.io/hashicorp/azurerm\"]",
      "instances": [
        {
          "schema_version": 0,
          "attributes": {
            "applied_dns_servers": [],
            "dns_servers": [],
            "enable_accelerated_networking": false,
            "enable_ip_forwarding": false,
            "id": "/subscriptions/846362f6-b113-4020-b215-24389acb861b/resourceGroups/Packet-Analysis-Test/providers/Microsoft.Network/networkInterfaces/packet-analysis-guac-instance1",
            "internal_dns_name_label": "",
            "internal_domain_name_suffix": "jqxllst42r4ubkyguiab5sfhjd.bx.internal.cloudapp.net",
            "ip_configuration": [
              {
                "name": "instance1",
                "primary": true,
                "private_ip_address": "10.0.20.4",
                "private_ip_address_allocation": "Dynamic",
                "private_ip_address_version": "IPv4",
                "public_ip_address_id": "/subscriptions/846362f6-b113-4020-b215-24389acb861b/resourceGroups/Packet-Analysis-Test/providers/Microsoft.Network/publicIPAddresses/guac-instance1-public-ip",
                "subnet_id": "/subscriptions/846362f6-b113-4020-b215-24389acb861b/resourceGroups/Packet-Analysis-Test/providers/Microsoft.Network/virtualNetworks/vnet1-Packet-Analysis-eastus-1/subnets/packet-subnet"
              }
            ],
            "location": "eastus",
            "mac_address": "",
            "name": "packet-analysis-guac-instance1",
            "private_ip_address": "10.0.20.4",
            "private_ip_addresses": [
              "10.0.20.4"
            ],
            "resource_group_name": "Packet-Analysis-Test",
            "tags": null,
            "timeouts": null,
            "virtual_machine_id": ""
          },
          "private": "eyJlMmJmYjczMC1lY2FhLTExZTYtOGY4OC0zNDM2M2JjN2M0YzAiOnsiY3JlYXRlIjoxODAwMDAwMDAwMDAwLCJkZWxldGUiOjE4MDAwMDAwMDAwMDAsInJlYWQiOjMwMDAwMDAwMDAwMCwidXBkYXRlIjoxODAwMDAwMDAwMDAwfX0=",
          "dependencies": [
            "azurerm_public_ip.guac-instance",
            "azurerm_resource_group.rg",
            "azurerm_subnet.packet-instance",
            "azurerm_virtual_network.vnet1"
          ]
        }
      ]
    },
    {
      "mode": "managed",
      "type": "azurerm_network_interface",
      "name": "packet-instance",
      "provider": "provider[\"registry.terraform.io/hashicorp/azurerm\"]",
      "instances": [
        {
          "schema_version": 0,
          "attributes": {
            "applied_dns_servers": [],
            "dns_servers": [],
            "enable_accelerated_networking": false,
            "enable_ip_forwarding": false,
            "id": "/subscriptions/846362f6-b113-4020-b215-24389acb861b/resourceGroups/Packet-Analysis-Test/providers/Microsoft.Network/networkInterfaces/packet-analysis-instance1",
            "internal_dns_name_label": "",
            "internal_domain_name_suffix": "jqxllst42r4ubkyguiab5sfhjd.bx.internal.cloudapp.net",
            "ip_configuration": [
              {
                "name": "instance1",
                "primary": true,
                "private_ip_address": "10.0.20.5",
                "private_ip_address_allocation": "Dynamic",
                "private_ip_address_version": "IPv4",
                "public_ip_address_id": "/subscriptions/846362f6-b113-4020-b215-24389acb861b/resourceGroups/Packet-Analysis-Test/providers/Microsoft.Network/publicIPAddresses/instance1-public-ip",
                "subnet_id": "/subscriptions/846362f6-b113-4020-b215-24389acb861b/resourceGroups/Packet-Analysis-Test/providers/Microsoft.Network/virtualNetworks/vnet1-Packet-Analysis-eastus-1/subnets/packet-subnet"
              }
            ],
            "location": "eastus",
            "mac_address": "",
            "name": "packet-analysis-instance1",
            "private_ip_address": "10.0.20.5",
            "private_ip_addresses": [
              "10.0.20.5"
            ],
            "resource_group_name": "Packet-Analysis-Test",
            "tags": null,
            "timeouts": null,
            "virtual_machine_id": ""
          },
          "private": "eyJlMmJmYjczMC1lY2FhLTExZTYtOGY4OC0zNDM2M2JjN2M0YzAiOnsiY3JlYXRlIjoxODAwMDAwMDAwMDAwLCJkZWxldGUiOjE4MDAwMDAwMDAwMDAsInJlYWQiOjMwMDAwMDAwMDAwMCwidXBkYXRlIjoxODAwMDAwMDAwMDAwfX0=",
          "dependencies": [
            "azurerm_public_ip.packet-instance",
            "azurerm_resource_group.rg",
            "azurerm_subnet.packet-instance",
            "azurerm_virtual_network.vnet1"
          ]
        }
      ]
    },
    {
      "mode": "managed",
      "type": "azurerm_network_interface_security_group_association",
      "name": "guac-instance",
      "provider": "provider[\"registry.terraform.io/hashicorp/azurerm\"]",
      "instances": [
        {
          "schema_version": 0,
          "attributes": {
            "id": "/subscriptions/846362f6-b113-4020-b215-24389acb861b/resourceGroups/Packet-Analysis-Test/providers/Microsoft.Network/networkInterfaces/packet-analysis-guac-instance1|/subscriptions/846362f6-b113-4020-b215-24389acb861b/resourceGroups/Packet-Analysis-Test/providers/Microsoft.Network/networkSecurityGroups/Packet-Analysis-nsg",
            "network_interface_id": "/subscriptions/846362f6-b113-4020-b215-24389acb861b/resourceGroups/Packet-Analysis-Test/providers/Microsoft.Network/networkInterfaces/packet-analysis-guac-instance1",
            "network_security_group_id": "/subscriptions/846362f6-b113-4020-b215-24389acb861b/resourceGroups/Packet-Analysis-Test/providers/Microsoft.Network/networkSecurityGroups/Packet-Analysis-nsg",
            "timeouts": null
          },
          "private": "eyJlMmJmYjczMC1lY2FhLTExZTYtOGY4OC0zNDM2M2JjN2M0YzAiOnsiY3JlYXRlIjoxODAwMDAwMDAwMDAwLCJkZWxldGUiOjE4MDAwMDAwMDAwMDAsInJlYWQiOjMwMDAwMDAwMDAwMCwidXBkYXRlIjoxODAwMDAwMDAwMDAwfX0=",
          "dependencies": [
            "azurerm_network_interface.guac-instance",
            "azurerm_network_security_group.packet-instance",
            "azurerm_public_ip.guac-instance",
            "azurerm_resource_group.rg",
            "azurerm_subnet.packet-instance",
            "azurerm_virtual_network.vnet1"
          ]
        }
      ]
    },
    {
      "mode": "managed",
      "type": "azurerm_network_interface_security_group_association",
      "name": "packet-instance",
      "provider": "provider[\"registry.terraform.io/hashicorp/azurerm\"]",
      "instances": [
        {
          "schema_version": 0,
          "attributes": {
            "id": "/subscriptions/846362f6-b113-4020-b215-24389acb861b/resourceGroups/Packet-Analysis-Test/providers/Microsoft.Network/networkInterfaces/packet-analysis-instance1|/subscriptions/846362f6-b113-4020-b215-24389acb861b/resourceGroups/Packet-Analysis-Test/providers/Microsoft.Network/networkSecurityGroups/Packet-Analysis-nsg",
            "network_interface_id": "/subscriptions/846362f6-b113-4020-b215-24389acb861b/resourceGroups/Packet-Analysis-Test/providers/Microsoft.Network/networkInterfaces/packet-analysis-instance1",
            "network_security_group_id": "/subscriptions/846362f6-b113-4020-b215-24389acb861b/resourceGroups/Packet-Analysis-Test/providers/Microsoft.Network/networkSecurityGroups/Packet-Analysis-nsg",
            "timeouts": null
          },
          "private": "eyJlMmJmYjczMC1lY2FhLTExZTYtOGY4OC0zNDM2M2JjN2M0YzAiOnsiY3JlYXRlIjoxODAwMDAwMDAwMDAwLCJkZWxldGUiOjE4MDAwMDAwMDAwMDAsInJlYWQiOjMwMDAwMDAwMDAwMCwidXBkYXRlIjoxODAwMDAwMDAwMDAwfX0=",
          "dependencies": [
            "azurerm_network_interface.packet-instance",
            "azurerm_network_security_group.packet-instance",
            "azurerm_public_ip.packet-instance",
            "azurerm_resource_group.rg",
            "azurerm_subnet.packet-instance",
            "azurerm_virtual_network.vnet1"
          ]
        }
      ]
    },
    {
      "mode": "managed",
      "type": "azurerm_network_security_group",
      "name": "packet-instance",
      "provider": "provider[\"registry.terraform.io/hashicorp/azurerm\"]",
      "instances": [
        {
          "schema_version": 0,
          "attributes": {
            "id": "/subscriptions/846362f6-b113-4020-b215-24389acb861b/resourceGroups/Packet-Analysis-Test/providers/Microsoft.Network/networkSecurityGroups/Packet-Analysis-nsg",
            "location": "eastus",
            "name": "Packet-Analysis-nsg",
            "resource_group_name": "Packet-Analysis-Test",
            "security_rule": [
              {
                "access": "Allow",
                "description": "Allow 4822",
                "destination_address_prefix": "*",
                "destination_address_prefixes": [],
                "destination_application_security_group_ids": [],
                "destination_port_range": "4822",
                "destination_port_ranges": [],
                "direction": "Inbound",
                "name": "Allow-4822",
                "priority": 298,
                "protocol": "*",
                "source_address_prefix": "*",
                "source_address_prefixes": [],
                "source_application_security_group_ids": [],
                "source_port_range": "*",
                "source_port_ranges": []
              },
              {
                "access": "Allow",
                "description": "Allow Guac",
                "destination_address_prefix": "*",
                "destination_address_prefixes": [],
                "destination_application_security_group_ids": [],
                "destination_port_range": "8080",
                "destination_port_ranges": [],
                "direction": "Inbound",
                "name": "Allow-Guac",
                "priority": 310,
                "protocol": "*",
                "source_address_prefix": "*",
                "source_address_prefixes": [],
                "source_application_security_group_ids": [],
                "source_port_range": "*",
                "source_port_ranges": []
              },
              {
                "access": "Allow",
                "description": "Allow RDP",
                "destination_address_prefix": "*",
                "destination_address_prefixes": [],
                "destination_application_security_group_ids": [],
                "destination_port_range": "3389",
                "destination_port_ranges": [],
                "direction": "Inbound",
                "name": "Allow-RDP",
                "priority": 299,
                "protocol": "*",
                "source_address_prefix": "*",
                "source_address_prefixes": [],
                "source_application_security_group_ids": [],
                "source_port_range": "*",
                "source_port_ranges": []
              },
              {
                "access": "Allow",
                "description": "Allow SSH",
                "destination_address_prefix": "*",
                "destination_address_prefixes": [],
                "destination_application_security_group_ids": [],
                "destination_port_range": "22",
                "destination_port_ranges": [],
                "direction": "Inbound",
                "name": "Allow-SSH",
                "priority": 300,
                "protocol": "Tcp",
                "source_address_prefix": "*",
                "source_address_prefixes": [],
                "source_application_security_group_ids": [],
                "source_port_range": "*",
                "source_port_ranges": []
              },
              {
                "access": "Allow",
                "description": "allow-http",
                "destination_address_prefix": "*",
                "destination_address_prefixes": [],
                "destination_application_security_group_ids": [],
                "destination_port_range": "80",
                "destination_port_ranges": [],
                "direction": "Inbound",
                "name": "allow-http",
                "priority": 110,
                "protocol": "Tcp",
                "source_address_prefix": "Internet",
                "source_address_prefixes": [],
                "source_application_security_group_ids": [],
                "source_port_range": "*",
                "source_port_ranges": []
              }
            ],
            "tags": null,
            "timeouts": null
          },
          "private": "eyJlMmJmYjczMC1lY2FhLTExZTYtOGY4OC0zNDM2M2JjN2M0YzAiOnsiY3JlYXRlIjoxODAwMDAwMDAwMDAwLCJkZWxldGUiOjE4MDAwMDAwMDAwMDAsInJlYWQiOjMwMDAwMDAwMDAwMCwidXBkYXRlIjoxODAwMDAwMDAwMDAwfX0=",
          "dependencies": [
            "azurerm_resource_group.rg"
          ]
        }
      ]
    },
    {
      "mode": "managed",
      "type": "azurerm_public_ip",
      "name": "guac-instance",
      "provider": "provider[\"registry.terraform.io/hashicorp/azurerm\"]",
      "instances": [
        {
          "schema_version": 0,
          "attributes": {
            "allocation_method": "Static",
            "domain_name_label": null,
            "fqdn": null,
            "id": "/subscriptions/846362f6-b113-4020-b215-24389acb861b/resourceGroups/Packet-Analysis-Test/providers/Microsoft.Network/publicIPAddresses/guac-instance1-public-ip",
            "idle_timeout_in_minutes": 4,
            "ip_address": "40.117.179.161",
            "ip_version": "IPv4",
            "location": "eastus",
            "name": "guac-instance1-public-ip",
            "public_ip_prefix_id": null,
            "resource_group_name": "Packet-Analysis-Test",
            "reverse_fqdn": null,
            "sku": "Basic",
            "tags": null,
            "timeouts": null,
            "zones": null
          },
          "private": "eyJlMmJmYjczMC1lY2FhLTExZTYtOGY4OC0zNDM2M2JjN2M0YzAiOnsiY3JlYXRlIjoxODAwMDAwMDAwMDAwLCJkZWxldGUiOjE4MDAwMDAwMDAwMDAsInJlYWQiOjMwMDAwMDAwMDAwMCwidXBkYXRlIjoxODAwMDAwMDAwMDAwfX0=",
          "dependencies": [
            "azurerm_resource_group.rg"
          ]
        }
      ]
    },
    {
      "mode": "managed",
      "type": "azurerm_public_ip",
      "name": "packet-instance",
      "provider": "provider[\"registry.terraform.io/hashicorp/azurerm\"]",
      "instances": [
        {
          "schema_version": 0,
          "attributes": {
            "allocation_method": "Static",
            "domain_name_label": null,
            "fqdn": null,
            "id": "/subscriptions/846362f6-b113-4020-b215-24389acb861b/resourceGroups/Packet-Analysis-Test/providers/Microsoft.Network/publicIPAddresses/instance1-public-ip",
            "idle_timeout_in_minutes": 4,
            "ip_address": "40.117.178.137",
            "ip_version": "IPv4",
            "location": "eastus",
            "name": "instance1-public-ip",
            "public_ip_prefix_id": null,
            "resource_group_name": "Packet-Analysis-Test",
            "reverse_fqdn": null,
            "sku": "Basic",
            "tags": null,
            "timeouts": null,
            "zones": null
          },
          "private": "eyJlMmJmYjczMC1lY2FhLTExZTYtOGY4OC0zNDM2M2JjN2M0YzAiOnsiY3JlYXRlIjoxODAwMDAwMDAwMDAwLCJkZWxldGUiOjE4MDAwMDAwMDAwMDAsInJlYWQiOjMwMDAwMDAwMDAwMCwidXBkYXRlIjoxODAwMDAwMDAwMDAwfX0=",
          "dependencies": [
            "azurerm_resource_group.rg"
          ]
        }
      ]
    },
    {
      "mode": "managed",
      "type": "azurerm_resource_group",
      "name": "rg",
      "provider": "provider[\"registry.terraform.io/hashicorp/azurerm\"]",
      "instances": [
        {
          "schema_version": 0,
          "attributes": {
            "id": "/subscriptions/846362f6-b113-4020-b215-24389acb861b/resourceGroups/Packet-Analysis-Test",
            "location": "eastus",
            "name": "Packet-Analysis-Test",
            "tags": null,
            "timeouts": null
          },
          "private": "eyJlMmJmYjczMC1lY2FhLTExZTYtOGY4OC0zNDM2M2JjN2M0YzAiOnsiY3JlYXRlIjo1NDAwMDAwMDAwMDAwLCJkZWxldGUiOjU0MDAwMDAwMDAwMDAsInJlYWQiOjMwMDAwMDAwMDAwMCwidXBkYXRlIjo1NDAwMDAwMDAwMDAwfX0="
        }
      ]
    },
    {
      "mode": "managed",
      "type": "azurerm_subnet",
      "name": "packet-instance",
      "provider": "provider[\"registry.terraform.io/hashicorp/azurerm\"]",
      "instances": [
        {
          "schema_version": 0,
          "attributes": {
            "address_prefix": "10.0.20.0/24",
            "address_prefixes": [
              "10.0.20.0/24"
            ],
            "delegation": [],
            "enforce_private_link_endpoint_network_policies": false,
            "enforce_private_link_service_network_policies": false,
            "id": "/subscriptions/846362f6-b113-4020-b215-24389acb861b/resourceGroups/Packet-Analysis-Test/providers/Microsoft.Network/virtualNetworks/vnet1-Packet-Analysis-eastus-1/subnets/packet-subnet",
            "name": "packet-subnet",
            "resource_group_name": "Packet-Analysis-Test",
            "service_endpoint_policy_ids": null,
            "service_endpoints": null,
            "timeouts": null,
            "virtual_network_name": "vnet1-Packet-Analysis-eastus-1"
          },
          "private": "eyJlMmJmYjczMC1lY2FhLTExZTYtOGY4OC0zNDM2M2JjN2M0YzAiOnsiY3JlYXRlIjoxODAwMDAwMDAwMDAwLCJkZWxldGUiOjE4MDAwMDAwMDAwMDAsInJlYWQiOjMwMDAwMDAwMDAwMCwidXBkYXRlIjoxODAwMDAwMDAwMDAwfX0=",
          "dependencies": [
            "azurerm_resource_group.rg",
            "azurerm_virtual_network.vnet1"
          ]
        }
      ]
    },
    {
      "mode": "managed",
      "type": "azurerm_virtual_machine",
      "name": "guac-vm",
      "provider": "provider[\"registry.terraform.io/hashicorp/azurerm\"]",
      "instances": [
        {
          "schema_version": 0,
          "attributes": {
            "additional_capabilities": [],
            "availability_set_id": null,
            "boot_diagnostics": [],
            "delete_data_disks_on_termination": true,
            "delete_os_disk_on_termination": true,
            "id": "/subscriptions/846362f6-b113-4020-b215-24389acb861b/resourceGroups/Packet-Analysis-Test/providers/Microsoft.Compute/virtualMachines/guac-vm",
            "identity": [],
            "license_type": null,
            "location": "eastus",
            "name": "guac-vm",
            "network_interface_ids": [
              "/subscriptions/846362f6-b113-4020-b215-24389acb861b/resourceGroups/Packet-Analysis-Test/providers/Microsoft.Network/networkInterfaces/packet-analysis-guac-instance1"
            ],
            "os_profile": [
              {
                "admin_password": "Arsiem2020!!",
                "admin_username": "arsiem",
                "computer_name": "packet-analysis-guac-instance",
                "custom_data": "180e48024436f561c36fe090d8f9bbf3e6bcfccd"
              }
            ],
            "os_profile_linux_config": [
              {
                "disable_password_authentication": false,
                "ssh_keys": [
                  {
                    "key_data": "---- BEGIN SSH2 PUBLIC KEY ----\nComment: \"rsa-key-20210102\"\nAAAAB3NzaC1yc2EAAAABJQAAAQEAhYtVQYsHN/klF1klIp45l7NNqzWqxsy32mDo\nDQ/cmkJL5O0oAFA3MXNrcZfsfb2j/+D9i6oLMiZnSPkK08ycvxA8VnCTiLr8Wyht\nKMaeQNbbDXWbG7reQ3+pIvELk/YH78i1mzX26ZZSack4h/wPQm6H4ttcs/Fnxw5Z\n+vAF42MaP7gjwD5hnOp4z51falIxvQE9+JE5UUR3/YSuQaXRVN0VJF1/cMRcpfR5\nDkuKDMtqA7EKXLN2OAfLE1qHA985WIqv8u5euq1gGFX4rYMVJXiX578HZRC/ETSP\ne2+UI5B97tKF/B7Ffe/M3JcEXgb+ZD6cpm/k1vA0EnylH+MgeQ==\n---- END SSH2 PUBLIC KEY ----\n",
                    "path": "/home/arsiem/.ssh/authorized_keys"
                  }
                ]
              }
            ],
            "os_profile_secrets": [],
            "os_profile_windows_config": [],
            "plan": [],
            "primary_network_interface_id": null,
            "proximity_placement_group_id": null,
            "resource_group_name": "Packet-Analysis-Test",
            "storage_data_disk": [],
            "storage_image_reference": [
              {
                "id": "",
                "offer": "UbuntuServer",
                "publisher": "Canonical",
                "sku": "18.04-LTS",
                "version": "latest"
              }
            ],
            "storage_os_disk": [
              {
                "caching": "ReadWrite",
                "create_option": "FromImage",
                "disk_size_gb": 30,
                "image_uri": "",
                "managed_disk_id": "/subscriptions/846362f6-b113-4020-b215-24389acb861b/resourceGroups/Packet-Analysis-Test/providers/Microsoft.Compute/disks/myosdisk2",
                "managed_disk_type": "Standard_LRS",
                "name": "myosdisk2",
                "os_type": "Linux",
                "vhd_uri": "",
                "write_accelerator_enabled": false
              }
            ],
            "tags": {
              "environment": "Packet Analysis Lab"
            },
            "timeouts": null,
            "vm_size": "Standard_A1_v2",
            "zones": null
          },
          "private": "eyJlMmJmYjczMC1lY2FhLTExZTYtOGY4OC0zNDM2M2JjN2M0YzAiOnsiY3JlYXRlIjozNjAwMDAwMDAwMDAwLCJkZWxldGUiOjM2MDAwMDAwMDAwMDAsInJlYWQiOjMwMDAwMDAwMDAwMCwidXBkYXRlIjozNjAwMDAwMDAwMDAwfX0=",
          "dependencies": [
            "azurerm_network_interface.guac-instance",
            "azurerm_public_ip.guac-instance",
            "azurerm_resource_group.rg",
            "azurerm_subnet.packet-instance",
            "azurerm_virtual_network.vnet1",
            "data.template_file.guac-init"
          ]
        }
      ]
    },
    {
      "mode": "managed",
      "type": "azurerm_virtual_machine",
      "name": "vm",
      "provider": "provider[\"registry.terraform.io/hashicorp/azurerm\"]",
      "instances": [
        {
          "schema_version": 0,
          "attributes": {
            "additional_capabilities": [],
            "availability_set_id": null,
            "boot_diagnostics": [],
            "delete_data_disks_on_termination": true,
            "delete_os_disk_on_termination": true,
            "id": "/subscriptions/846362f6-b113-4020-b215-24389acb861b/resourceGroups/Packet-Analysis-Test/providers/Microsoft.Compute/virtualMachines/Packet-Analysis-vm",
            "identity": [],
            "license_type": null,
            "location": "eastus",
            "name": "Packet-Analysis-vm",
            "network_interface_ids": [
              "/subscriptions/846362f6-b113-4020-b215-24389acb861b/resourceGroups/Packet-Analysis-Test/providers/Microsoft.Network/networkInterfaces/packet-analysis-instance1"
            ],
            "os_profile": [
              {
                "admin_password": "Arsiem2020!!",
                "admin_username": "arsiem",
                "computer_name": "packet-analysis-instance",
                "custom_data": "42705b6c98c40d360b190087ffbd2ebd28c46e61"
              }
            ],
            "os_profile_linux_config": [
              {
                "disable_password_authentication": false,
                "ssh_keys": [
                  {
                    "key_data": "---- BEGIN SSH2 PUBLIC KEY ----\nComment: \"rsa-key-20210102\"\nAAAAB3NzaC1yc2EAAAABJQAAAQEAhYtVQYsHN/klF1klIp45l7NNqzWqxsy32mDo\nDQ/cmkJL5O0oAFA3MXNrcZfsfb2j/+D9i6oLMiZnSPkK08ycvxA8VnCTiLr8Wyht\nKMaeQNbbDXWbG7reQ3+pIvELk/YH78i1mzX26ZZSack4h/wPQm6H4ttcs/Fnxw5Z\n+vAF42MaP7gjwD5hnOp4z51falIxvQE9+JE5UUR3/YSuQaXRVN0VJF1/cMRcpfR5\nDkuKDMtqA7EKXLN2OAfLE1qHA985WIqv8u5euq1gGFX4rYMVJXiX578HZRC/ETSP\ne2+UI5B97tKF/B7Ffe/M3JcEXgb+ZD6cpm/k1vA0EnylH+MgeQ==\n---- END SSH2 PUBLIC KEY ----\n",
                    "path": "/home/arsiem/.ssh/authorized_keys"
                  }
                ]
              }
            ],
            "os_profile_secrets": [],
            "os_profile_windows_config": [],
            "plan": [],
            "primary_network_interface_id": null,
            "proximity_placement_group_id": null,
            "resource_group_name": "Packet-Analysis-Test",
            "storage_data_disk": [],
            "storage_image_reference": [
              {
                "id": "",
                "offer": "UbuntuServer",
                "publisher": "Canonical",
                "sku": "18.04-LTS",
                "version": "latest"
              }
            ],
            "storage_os_disk": [
              {
                "caching": "ReadWrite",
                "create_option": "FromImage",
                "disk_size_gb": 30,
                "image_uri": "",
                "managed_disk_id": "/subscriptions/846362f6-b113-4020-b215-24389acb861b/resourceGroups/Packet-Analysis-Test/providers/Microsoft.Compute/disks/myosdisk1",
                "managed_disk_type": "Standard_LRS",
                "name": "myosdisk1",
                "os_type": "Linux",
                "vhd_uri": "",
                "write_accelerator_enabled": false
              }
            ],
            "tags": {
              "environment": "Packet Analysis Lab"
            },
            "timeouts": null,
            "vm_size": "Standard_A1_v2",
            "zones": null
          },
          "private": "eyJlMmJmYjczMC1lY2FhLTExZTYtOGY4OC0zNDM2M2JjN2M0YzAiOnsiY3JlYXRlIjozNjAwMDAwMDAwMDAwLCJkZWxldGUiOjM2MDAwMDAwMDAwMDAsInJlYWQiOjMwMDAwMDAwMDAwMCwidXBkYXRlIjozNjAwMDAwMDAwMDAwfX0=",
          "dependencies": [
            "azurerm_network_interface.packet-instance",
            "azurerm_public_ip.packet-instance",
            "azurerm_resource_group.rg",
            "azurerm_subnet.packet-instance",
            "azurerm_virtual_network.vnet1",
            "data.template_file.linux-vm-cloud-init"
          ]
        }
      ]
    },
    {
      "mode": "managed",
      "type": "azurerm_virtual_network",
      "name": "vnet1",
      "provider": "provider[\"registry.terraform.io/hashicorp/azurerm\"]",
      "instances": [
        {
          "schema_version": 0,
          "attributes": {
            "address_space": [
              "10.0.20.0/24"
            ],
            "bgp_community": "",
            "ddos_protection_plan": [],
            "dns_servers": null,
            "guid": "cab52e4c-e47e-407d-ab06-a2001fc8a74b",
            "id": "/subscriptions/846362f6-b113-4020-b215-24389acb861b/resourceGroups/Packet-Analysis-Test/providers/Microsoft.Network/virtualNetworks/vnet1-Packet-Analysis-eastus-1",
            "location": "eastus",
            "name": "vnet1-Packet-Analysis-eastus-1",
            "resource_group_name": "Packet-Analysis-Test",
            "subnet": [],
            "tags": null,
            "timeouts": null,
            "vm_protection_enabled": false
          },
          "private": "eyJlMmJmYjczMC1lY2FhLTExZTYtOGY4OC0zNDM2M2JjN2M0YzAiOnsiY3JlYXRlIjoxODAwMDAwMDAwMDAwLCJkZWxldGUiOjE4MDAwMDAwMDAwMDAsInJlYWQiOjMwMDAwMDAwMDAwMCwidXBkYXRlIjoxODAwMDAwMDAwMDAwfX0=",
          "dependencies": [
            "azurerm_resource_group.rg"
          ]
        }
      ]
    }
  ]
}
